
Microsoft Visual Studio Solution File, Format Version 12.00
# Visual Studio Version 17
VisualStudioVersion = 17.0.32014.148
MinimumVisualStudioVersion = 10.0.40219.1
Project("{9A19103F-16F7-4668-BE54-9A1E7A4F7556}") = "Kanka.NET", "Kanka.NET\Kanka.NET.csproj", "{1BF65AE2-176D-4931-873B-6265F22B3030}"
EndProject
Project("{FAE04EC0-301F-11D3-BF4B-00C04F79EFBC}") = "Kanka.NET.Tests", "Kanka.NET.Tests\Kanka.NET.Tests.csproj", "{87C8DC3D-C630-4858-9601-D63EE8BAD7E9}"
EndProject
Global
	GlobalSection(SolutionConfigurationPlatforms) = preSolution
		Debug|Any CPU = Debug|Any CPU
		Release|Any CPU = Release|Any CPU
	EndGlobalSection
	GlobalSection(ProjectConfigurationPlatforms) = postSolution
		{1BF65AE2-176D-4931-873B-6265F22B3030}.Debug|Any CPU.ActiveCfg = Debug|Any CPU
		{1BF65AE2-176D-4931-873B-6265F22B3030}.Debug|Any CPU.Build.0 = Debug|Any CPU
		{1BF65AE2-176D-4931-873B-6265F22B3030}.Release|Any CPU.ActiveCfg = Release|Any CPU
		{1BF65AE2-176D-4931-873B-6265F22B3030}.Release|Any CPU.Build.0 = Release|Any CPU
		{87C8DC3D-C630-4858-9601-D63EE8BAD7E9}.Debug|Any CPU.ActiveCfg = Debug|Any CPU
		{87C8DC3D-C630-4858-9601-D63EE8BAD7E9}.Debug|Any CPU.Build.0 = Debug|Any CPU
		{87C8DC3D-C630-4858-9601-D63EE8BAD7E9}.Release|Any CPU.ActiveCfg = Release|Any CPU
		{87C8DC3D-C630-4858-9601-D63EE8BAD7E9}.Release|Any CPU.Build.0 = Release|Any CPU
	EndGlobalSection
	GlobalSection(SolutionProperties) = preSolution
		HideSolutionNode = FALSE
	EndGlobalSection
	GlobalSection(ExtensibilityGlobals) = postSolution
		SolutionGuid = {F67F6C2E-08EC-465E-A286-5DBA825E3E2A}
	EndGlobalSection
EndGlobal
